
Microsoft Visual Studio Solution File, Format Version 12.00
# Visual Studio Version 17
VisualStudioVersion = 17.6.33829.357
MinimumVisualStudioVersion = 10.0.40219.1
Project("{9A19103F-16F7-4668-BE54-9A1E7A4F7556}") = "BITestWebApp", "BITestWebApp\BITestWebApp.csproj", "{5613354C-D99A-428E-B3BD-6DB53B85ED98}"
EndProject
Project("{FAE04EC0-301F-11D3-BF4B-00C04F79EFBC}") = "PalindromWebApplication", "PlindromWebApplication\PalindromWebApplication.csproj", "{CF0DC40C-E1E4-472F-8004-6BAAA4239985}"
EndProject
Project("{FAE04EC0-301F-11D3-BF4B-00C04F79EFBC}") = "SortWebApplication", "SortWebApplication\SortWebApplication.csproj", "{57A94F7F-A836-495B-8DC8-7E8B38901770}"
EndProject
Global
	GlobalSection(SolutionConfigurationPlatforms) = preSolution
		Debug|Any CPU = Debug|Any CPU
		Release|Any CPU = Release|Any CPU
	EndGlobalSection
	GlobalSection(ProjectConfigurationPlatforms) = postSolution
		{5613354C-D99A-428E-B3BD-6DB53B85ED98}.Debug|Any CPU.ActiveCfg = Debug|Any CPU
		{5613354C-D99A-428E-B3BD-6DB53B85ED98}.Debug|Any CPU.Build.0 = Debug|Any CPU
		{5613354C-D99A-428E-B3BD-6DB53B85ED98}.Release|Any CPU.ActiveCfg = Release|Any CPU
		{5613354C-D99A-428E-B3BD-6DB53B85ED98}.Release|Any CPU.Build.0 = Release|Any CPU
		{CF0DC40C-E1E4-472F-8004-6BAAA4239985}.Debug|Any CPU.ActiveCfg = Debug|Any CPU
		{CF0DC40C-E1E4-472F-8004-6BAAA4239985}.Debug|Any CPU.Build.0 = Debug|Any CPU
		{CF0DC40C-E1E4-472F-8004-6BAAA4239985}.Release|Any CPU.ActiveCfg = Release|Any CPU
		{CF0DC40C-E1E4-472F-8004-6BAAA4239985}.Release|Any CPU.Build.0 = Release|Any CPU
		{57A94F7F-A836-495B-8DC8-7E8B38901770}.Debug|Any CPU.ActiveCfg = Debug|Any CPU
		{57A94F7F-A836-495B-8DC8-7E8B38901770}.Debug|Any CPU.Build.0 = Debug|Any CPU
		{57A94F7F-A836-495B-8DC8-7E8B38901770}.Release|Any CPU.ActiveCfg = Release|Any CPU
		{57A94F7F-A836-495B-8DC8-7E8B38901770}.Release|Any CPU.Build.0 = Release|Any CPU
	EndGlobalSection
	GlobalSection(SolutionProperties) = preSolution
		HideSolutionNode = FALSE
	EndGlobalSection
	GlobalSection(ExtensibilityGlobals) = postSolution
		SolutionGuid = {E7F0BD32-A8F1-455C-B74E-A1BBA19369B2}
	EndGlobalSection
EndGlobal
